
Microsoft Visual Studio Solution File, Format Version 12.00
# Visual Studio 15
VisualStudioVersion = 15.0.28010.2048
MinimumVisualStudioVersion = 10.0.40219.1
Project("{FAE04EC0-301F-11D3-BF4B-00C04F79EFBC}") = "Books.Api", "Books.Api\Books.Api.csproj", "{C288E6AB-CA2C-4CAD-9240-FE536D0D1A95}"
EndProject
Global
	GlobalSection(SolutionConfigurationPlatforms) = preSolution
		Debug|Any CPU = Debug|Any CPU
		Release|Any CPU = Release|Any CPU
	EndGlobalSection
	GlobalSection(ProjectConfigurationPlatforms) = postSolution
		{C288E6AB-CA2C-4CAD-9240-FE536D0D1A95}.Debug|Any CPU.ActiveCfg = Debug|Any CPU
		{C288E6AB-CA2C-4CAD-9240-FE536D0D1A95}.Debug|Any CPU.Build.0 = Debug|Any CPU
		{C288E6AB-CA2C-4CAD-9240-FE536D0D1A95}.Release|Any CPU.ActiveCfg = Release|Any CPU
		{C288E6AB-CA2C-4CAD-9240-FE536D0D1A95}.Release|Any CPU.Build.0 = Release|Any CPU
	EndGlobalSection
	GlobalSection(SolutionProperties) = preSolution
		HideSolutionNode = FALSE
	EndGlobalSection
	GlobalSection(ExtensibilityGlobals) = postSolution
		SolutionGuid = {365E1162-04F9-41D7-A325-DBC25EE4626F}
	EndGlobalSection
EndGlobal
